{
  "markbot": "b158494a366ead11a105fad1f0d1838ecf6d929db62b6b90bbca5a18afa151dc",
  "markbotignore": "030a4e6e1b3b6b510514a7ae54576e2c2ef762d56236c6414ef634955d96a126",
  "index-320.png": "ef646fd0a186f730965735ab44fc05690b116cc8e8afacacb8ccba839f7feec4",
  "index-400.png": "d83fddc4024901e8d79f8d87ace17a1ffd93fb7e9132f71e13a9d2432e75e3f8",
  "index-608.png": "4df2f6085f2cb282e3bb9d25c0acb7af42099f2f20f3e5d5eccabff98a063071",
  "index-960.png": "58e9055fb76412b43606b7854eb52836a2f4f6f417e8fae35cd90ce33eb63f53",
  "index-1440.png": "c780e06f44bb7a98ded68cb46fa825f82274d73c9ea63ccbab05c322adad479d"
}